
Microsoft Visual Studio Solution File, Format Version 12.00
# Visual Studio Version 17
VisualStudioVersion = 17.12.35707.178
MinimumVisualStudioVersion = 10.0.40219.1
Project("{FAE04EC0-301F-11D3-BF4B-00C04F79EFBC}") = "HelloWorld", "HelloWorld\HelloWorld.csproj", "{128E22C9-DDE7-40DB-8995-DD7E8C1ECD2C}"
EndProject
Project("{FAE04EC0-301F-11D3-BF4B-00C04F79EFBC}") = "InputProjects", "InputProjects\InputProjects.csproj", "{5CA2E72F-142A-4857-B6DF-2B08FF61DD0E}"
EndProject
Project("{FAE04EC0-301F-11D3-BF4B-00C04F79EFBC}") = "Veriables", "Veriables\Veriables.csproj", "{1EF624E9-2CD9-4F61-BDB0-8BF7E9E9681F}"
EndProject
Project("{FAE04EC0-301F-11D3-BF4B-00C04F79EFBC}") = "Degiskenler", "Degiskenler\Degiskenler.csproj", "{10632249-8B76-4D80-B6A3-17ABA1C0264F}"
EndProject
Project("{FAE04EC0-301F-11D3-BF4B-00C04F79EFBC}") = "DegiskenCalisma", "DegiskenCalisma\DegiskenCalisma.csproj", "{3AEB27EB-7678-4F7A-9BD9-F07DFDEB6F44}"
EndProject
Project("{FAE04EC0-301F-11D3-BF4B-00C04F79EFBC}") = "KontrolYapilari", "KontrolYapilari\KontrolYapilari.csproj", "{BC72860C-C3BB-4358-9ABA-8372D3A4EED7}"
EndProject
Project("{FAE04EC0-301F-11D3-BF4B-00C04F79EFBC}") = "Operatorler", "Operatorler\Operatorler.csproj", "{5408365C-1AF5-4CD3-A949-D4EB80363B64}"
EndProject
Project("{FAE04EC0-301F-11D3-BF4B-00C04F79EFBC}") = "Donguler", "Donguler\Donguler.csproj", "{30C25AA5-BD37-4552-BFC4-0D9BF81D317E}"
EndProject
Global
	GlobalSection(SolutionConfigurationPlatforms) = preSolution
		Debug|Any CPU = Debug|Any CPU
		Release|Any CPU = Release|Any CPU
	EndGlobalSection
	GlobalSection(ProjectConfigurationPlatforms) = postSolution
		{128E22C9-DDE7-40DB-8995-DD7E8C1ECD2C}.Debug|Any CPU.ActiveCfg = Debug|Any CPU
		{128E22C9-DDE7-40DB-8995-DD7E8C1ECD2C}.Debug|Any CPU.Build.0 = Debug|Any CPU
		{128E22C9-DDE7-40DB-8995-DD7E8C1ECD2C}.Release|Any CPU.ActiveCfg = Release|Any CPU
		{128E22C9-DDE7-40DB-8995-DD7E8C1ECD2C}.Release|Any CPU.Build.0 = Release|Any CPU
		{5CA2E72F-142A-4857-B6DF-2B08FF61DD0E}.Debug|Any CPU.ActiveCfg = Debug|Any CPU
		{5CA2E72F-142A-4857-B6DF-2B08FF61DD0E}.Debug|Any CPU.Build.0 = Debug|Any CPU
		{5CA2E72F-142A-4857-B6DF-2B08FF61DD0E}.Release|Any CPU.ActiveCfg = Release|Any CPU
		{5CA2E72F-142A-4857-B6DF-2B08FF61DD0E}.Release|Any CPU.Build.0 = Release|Any CPU
		{1EF624E9-2CD9-4F61-BDB0-8BF7E9E9681F}.Debug|Any CPU.ActiveCfg = Debug|Any CPU
		{1EF624E9-2CD9-4F61-BDB0-8BF7E9E9681F}.Debug|Any CPU.Build.0 = Debug|Any CPU
		{1EF624E9-2CD9-4F61-BDB0-8BF7E9E9681F}.Release|Any CPU.ActiveCfg = Release|Any CPU
		{1EF624E9-2CD9-4F61-BDB0-8BF7E9E9681F}.Release|Any CPU.Build.0 = Release|Any CPU
		{10632249-8B76-4D80-B6A3-17ABA1C0264F}.Debug|Any CPU.ActiveCfg = Debug|Any CPU
		{10632249-8B76-4D80-B6A3-17ABA1C0264F}.Debug|Any CPU.Build.0 = Debug|Any CPU
		{10632249-8B76-4D80-B6A3-17ABA1C0264F}.Release|Any CPU.ActiveCfg = Release|Any CPU
		{10632249-8B76-4D80-B6A3-17ABA1C0264F}.Release|Any CPU.Build.0 = Release|Any CPU
		{3AEB27EB-7678-4F7A-9BD9-F07DFDEB6F44}.Debug|Any CPU.ActiveCfg = Debug|Any CPU
		{3AEB27EB-7678-4F7A-9BD9-F07DFDEB6F44}.Debug|Any CPU.Build.0 = Debug|Any CPU
		{3AEB27EB-7678-4F7A-9BD9-F07DFDEB6F44}.Release|Any CPU.ActiveCfg = Release|Any CPU
		{3AEB27EB-7678-4F7A-9BD9-F07DFDEB6F44}.Release|Any CPU.Build.0 = Release|Any CPU
		{BC72860C-C3BB-4358-9ABA-8372D3A4EED7}.Debug|Any CPU.ActiveCfg = Debug|Any CPU
		{BC72860C-C3BB-4358-9ABA-8372D3A4EED7}.Debug|Any CPU.Build.0 = Debug|Any CPU
		{BC72860C-C3BB-4358-9ABA-8372D3A4EED7}.Release|Any CPU.ActiveCfg = Release|Any CPU
		{BC72860C-C3BB-4358-9ABA-8372D3A4EED7}.Release|Any CPU.Build.0 = Release|Any CPU
		{5408365C-1AF5-4CD3-A949-D4EB80363B64}.Debug|Any CPU.ActiveCfg = Debug|Any CPU
		{5408365C-1AF5-4CD3-A949-D4EB80363B64}.Debug|Any CPU.Build.0 = Debug|Any CPU
		{5408365C-1AF5-4CD3-A949-D4EB80363B64}.Release|Any CPU.ActiveCfg = Release|Any CPU
		{5408365C-1AF5-4CD3-A949-D4EB80363B64}.Release|Any CPU.Build.0 = Release|Any CPU
		{30C25AA5-BD37-4552-BFC4-0D9BF81D317E}.Debug|Any CPU.ActiveCfg = Debug|Any CPU
		{30C25AA5-BD37-4552-BFC4-0D9BF81D317E}.Debug|Any CPU.Build.0 = Debug|Any CPU
		{30C25AA5-BD37-4552-BFC4-0D9BF81D317E}.Release|Any CPU.ActiveCfg = Release|Any CPU
		{30C25AA5-BD37-4552-BFC4-0D9BF81D317E}.Release|Any CPU.Build.0 = Release|Any CPU
	EndGlobalSection
	GlobalSection(SolutionProperties) = preSolution
		HideSolutionNode = FALSE
	EndGlobalSection
EndGlobal
